PODS:
  - Alamofire (5.4.0)
  - Auth0 (1.30.0):
    - JWTDecode
    - SimpleKeychain
  - BlueCryptor (1.0.32)
  - BlueECC (1.2.5)
  - BlueRSA (1.0.34)
  - FGToolKit (2.1.1):
    - SnapKit
  - JWTDecode (2.5.0)
  - KituraContracts (1.2.1):
    - LoggerAPI (~> 1.7)
  - LoggerAPI (1.9.200):
    - Logging (~> 1.1)
  - Logging (1.4.0)
  - Moya (14.0.0):
    - Moya/Core (= 14.0.0)
  - Moya/Core (14.0.0):
    - Alamofire (~> 5.0)
  - NVActivityIndicatorView (5.1.1):
    - NVActivityIndicatorView/Base (= 5.1.1)
  - NVActivityIndicatorView/Base (5.1.1)
  - ObjectMapper (3.5.3)
  - PKHUD (5.3.0)
  - ReachabilitySwift (5.0.0)
  - Realm (10.1.1):
    - Realm/Headers (= 10.1.1)
  - Realm/Headers (10.1.1)
  - RealmSwift (10.1.1):
    - Realm (= 10.1.1)
  - RxAlamofire (5.6.2):
    - RxAlamofire/Core (= 5.6.2)
  - RxAlamofire/Core (5.6.2):
    - Alamofire (~> 5.2)
    - RxSwift (~> 5.1)
  - RxCocoa (5.1.1):
    - RxRelay (~> 5)
    - RxSwift (~> 5)
  - RxRelay (5.1.1):
    - RxSwift (~> 5)
  - RxSwift (5.1.1)
  - SimpleKeychain (0.12.1)
  - SnapKit (4.0.1)
  - SwiftJWT (3.6.200):
    - BlueCryptor (~> 1.0)
    - BlueECC (~> 1.1)
    - BlueRSA (~> 1.0)
    - KituraContracts (~> 1.2)
    - LoggerAPI (~> 1.7)

DEPENDENCIES:
  - Alamofire (~> 5.2)
  - Auth0 (~> 1.30)
  - FGToolKit (~> 2.1.1)
  - Moya (~> 14.0)
  - NVActivityIndicatorView
  - ObjectMapper (~> 3.5)
  - PKHUD (~> 5.0)
  - ReachabilitySwift
  - RealmSwift
  - RxAlamofire
  - RxCocoa
  - RxSwift
  - SnapKit (~> 4.0.0)
  - SwiftJWT

SPEC REPOS:
  trunk:
    - Alamofire
    - Auth0
    - BlueCryptor
    - BlueECC
    - BlueRSA
    - FGToolKit
    - JWTDecode
    - KituraContracts
    - LoggerAPI
    - Logging
    - Moya
    - NVActivityIndicatorView
    - ObjectMapper
    - PKHUD
    - ReachabilitySwift
    - Realm
    - RealmSwift
    - RxAlamofire
    - RxCocoa
    - RxRelay
    - RxSwift
    - SimpleKeychain
    - SnapKit
    - SwiftJWT

SPEC CHECKSUMS:
  Alamofire: 3b6a534a3df22db367e4dedeeca73d1ddfcf0e2f
  Auth0: b0e75f59f9ed7c2daa03146d5fe46445dea0d2f8
  BlueCryptor: b0aee3d9b8f367b49b30de11cda90e1735571c24
  BlueECC: 0d18e93347d3ec6d41416de21c1ffa4d4cd3c2cc
  BlueRSA: 6f9776d62d9773502415a7db3bcbb2bbb3f71fc3
  FGToolKit: 6c691a32feeeec636668f328cc7b7b0ebf407216
  JWTDecode: d4c176a28a29f7e6f9abf5c90ad3002f69b98c7c
  KituraContracts: e845e60dc8627ad0a76fa55ef20a45451d8f830b
  LoggerAPI: ad9c4a6f1e32f518fdb43a1347ac14d765ab5e3d
  Logging: beeb016c9c80cf77042d62e83495816847ef108b
  Moya: 5b45dacb75adb009f97fde91c204c1e565d31916
  NVActivityIndicatorView: 1f6c5687f1171810aa27a3296814dc2d7dec3667
  ObjectMapper: 97111c97e054a6ee25917662106689f0b4127b37
  PKHUD: 98f3e4bc904b9c916f1c5bb6d765365b5357291b
  ReachabilitySwift: 985039c6f7b23a1da463388634119492ff86c825
  Realm: 784ca1da1453e31a9c9adc14445421a81f316119
  RealmSwift: cc52fe0dcea56387274dff36e19219e055a3bb84
  RxAlamofire: aa949d345b1689eae02b7c7a217518878144f6df
  RxCocoa: 32065309a38d29b5b0db858819b5bf9ef038b601
  RxRelay: d77f7d771495f43c556cbc43eebd1bb54d01e8e9
  RxSwift: 81470a2074fa8780320ea5fe4102807cb7118178
  SimpleKeychain: 77443015b0f29005c16f74bf858469a9e9fb05e8
  SnapKit: 0de968a9fec17499afa29683b05d0c775b6d1c29
  SwiftJWT: 88c412708f58c169d431d344c87bc79a87c830ae

PODFILE CHECKSUM: 86297844cf1069455c1cda005cb3d0af57675e12

COCOAPODS: 1.10.0
